Microsoft Visual Studio Solution File, Format Version 12.00
# Visual Studio Version 16
VisualStudioVersion = 16.0.28822.285
MinimumVisualStudioVersion = 10.0.40219.1
Project("{2150E333-8FDC-42A3-9474-1A3956D46DE8}") = "src", "src", "{2020AC68-78E1-4D95-AF3C-2186B9362078}"
EndProject
Project("{2150E333-8FDC-42A3-9474-1A3956D46DE8}") = "Solution Items", "Solution Items", "{B7C5F4AE-7354-4122-89A5-2E1ADF8ADC10}"
	ProjectSection(SolutionItems) = preProject
		src\WCA.Web\.gitignore = src\WCA.Web\.gitignore
		azure-pipelines.yaml = azure-pipelines.yaml
		libwkhtmltox.dll = libwkhtmltox.dll
		README.md = README.md
	EndProjectSection
EndProject
Project("{2150E333-8FDC-42A3-9474-1A3956D46DE8}") = "test", "test", "{81B6F43F-A483-468F-AFAC-CD4448259578}"
EndProject
Project("{9A19103F-16F7-4668-BE54-9A1E7A4F7556}") = "WCA.Core", "src\WCA.Core\WCA.Core.csproj", "{27E1E098-2C1D-4F84-BDBC-821EB34C95D0}"
EndProject
Project("{9A19103F-16F7-4668-BE54-9A1E7A4F7556}") = "WCA.Data", "src\WCA.Data\WCA.Data.csproj", "{E3A05C38-C468-4738-B224-86C7E5B0A0C8}"
EndProject
Project("{9A19103F-16F7-4668-BE54-9A1E7A4F7556}") = "WCA.Domain", "src\WCA.Domain\WCA.Domain.csproj", "{3C7CBEC6-3567-4EE9-8586-EFCF941B41C4}"
EndProject
Project("{9A19103F-16F7-4668-BE54-9A1E7A4F7556}") = "WCA.AzureFunctions", "src\WCA.AzureFunctions\WCA.AzureFunctions.csproj", "{518A0A7C-030B-4271-8AFE-375B9152DD3A}"
EndProject
Project("{9A19103F-16F7-4668-BE54-9A1E7A4F7556}") = "WCA.UnitTests", "test\WCA.UnitTests\WCA.UnitTests.csproj", "{833DFDAC-DA42-4669-9C31-41F7ECFCA132}"
EndProject
Project("{9A19103F-16F7-4668-BE54-9A1E7A4F7556}") = "WCA.IntegrationTests", "test\WCA.IntegrationTests\WCA.IntegrationTests.csproj", "{55D3664C-290C-4D92-858A-12B92D53D790}"
EndProject
Project("{2150E333-8FDC-42A3-9474-1A3956D46DE8}") = "Clients", "Clients", "{B7FFBA44-E6D1-4AAE-ADAA-DE0A66B79FD9}"
EndProject
Project("{9A19103F-16F7-4668-BE54-9A1E7A4F7556}") = "WCA.Actionstep.Client", "src\Clients\WCA.Actionstep.Client\WCA.Actionstep.Client.csproj", "{5CB33A0F-EA75-4160-9EE1-000EF4AD624F}"
EndProject
Project("{9A19103F-16F7-4668-BE54-9A1E7A4F7556}") = "WCA.FirstTitle.Client", "src\Clients\WCA.FirstTitle.Client\WCA.FirstTitle.Client.csproj", "{9CE41ACE-DDDE-4532-9421-C29E722A445F}"
EndProject
Project("{9A19103F-16F7-4668-BE54-9A1E7A4F7556}") = "WCA.PEXA.Client", "src\Clients\WCA.PEXA.Client\WCA.PEXA.Client.csproj", "{7CCCFD19-9580-4B98-9943-6AB83C02FB89}"
EndProject
Project("{9A19103F-16F7-4668-BE54-9A1E7A4F7556}") = "WCA.Web", "src\WCA.Web\WCA.Web.csproj", "{3989C894-BC7B-4499-8F27-052CF92C6E21}"
EndProject
Project("{9A19103F-16F7-4668-BE54-9A1E7A4F7556}") = "WCA.Actionstep.Client.Tests", "src\Clients\WCA.Actionstep.Client.Tests\WCA.Actionstep.Client.Tests.csproj", "{6C11DFE2-141F-466E-B34E-108D9A2CFE05}"
EndProject
Project("{9A19103F-16F7-4668-BE54-9A1E7A4F7556}") = "WCA.PEXA.Client.Tests", "src\Clients\WCA.PEXA.Client.Tests\WCA.PEXA.Client.Tests.csproj", "{4871B8C2-5600-4DFC-A39A-94378258877D}"
EndProject
Project("{9A19103F-16F7-4668-BE54-9A1E7A4F7556}") = "WCA.FirstTitle.Client.Tests", "src\Clients\WCA.FirstTitle.Client.Tests\WCA.FirstTitle.Client.Tests.csproj", "{39724BDE-E801-4799-B2FA-E5A51E82AFB3}"
EndProject
Project("{9A19103F-16F7-4668-BE54-9A1E7A4F7556}") = "WCA.Actionstep.AspNetCore", "src\Clients\WCA.Actionstep.AspNetCore\WCA.Actionstep.AspNetCore.csproj", "{4C19C116-98CC-429B-AB2F-FB5BE9965431}"
EndProject
Project("{FAE04EC0-301F-11D3-BF4B-00C04F79EFBC}") = "WCA.GlobalX.Client", "src\Clients\WCA.GlobalX.Client\WCA.GlobalX.Client.csproj", "{E474F502-0221-4342-9162-609E7AC37194}"
EndProject
Global
	GlobalSection(SolutionConfigurationPlatforms) = preSolution
		Debug|Any CPU = Debug|Any CPU
		Release|Any CPU = Release|Any CPU
	EndGlobalSection
	GlobalSection(ProjectConfigurationPlatforms) = postSolution
		{27E1E098-2C1D-4F84-BDBC-821EB34C95D0}.Debug|Any CPU.ActiveCfg = Debug|Any CPU
		{27E1E098-2C1D-4F84-BDBC-821EB34C95D0}.Debug|Any CPU.Build.0 = Debug|Any CPU
		{27E1E098-2C1D-4F84-BDBC-821EB34C95D0}.Release|Any CPU.ActiveCfg = Release|Any CPU
		{27E1E098-2C1D-4F84-BDBC-821EB34C95D0}.Release|Any CPU.Build.0 = Release|Any CPU
		{E3A05C38-C468-4738-B224-86C7E5B0A0C8}.Debug|Any CPU.ActiveCfg = Debug|Any CPU
		{E3A05C38-C468-4738-B224-86C7E5B0A0C8}.Debug|Any CPU.Build.0 = Debug|Any CPU
		{E3A05C38-C468-4738-B224-86C7E5B0A0C8}.Release|Any CPU.ActiveCfg = Release|Any CPU
		{E3A05C38-C468-4738-B224-86C7E5B0A0C8}.Release|Any CPU.Build.0 = Release|Any CPU
		{3C7CBEC6-3567-4EE9-8586-EFCF941B41C4}.Debug|Any CPU.ActiveCfg = Debug|Any CPU
		{3C7CBEC6-3567-4EE9-8586-EFCF941B41C4}.Debug|Any CPU.Build.0 = Debug|Any CPU
		{3C7CBEC6-3567-4EE9-8586-EFCF941B41C4}.Release|Any CPU.ActiveCfg = Release|Any CPU
		{3C7CBEC6-3567-4EE9-8586-EFCF941B41C4}.Release|Any CPU.Build.0 = Release|Any CPU
		{518A0A7C-030B-4271-8AFE-375B9152DD3A}.Debug|Any CPU.ActiveCfg = Debug|Any CPU
		{518A0A7C-030B-4271-8AFE-375B9152DD3A}.Debug|Any CPU.Build.0 = Debug|Any CPU
		{518A0A7C-030B-4271-8AFE-375B9152DD3A}.Release|Any CPU.ActiveCfg = Release|Any CPU
		{518A0A7C-030B-4271-8AFE-375B9152DD3A}.Release|Any CPU.Build.0 = Release|Any CPU
		{833DFDAC-DA42-4669-9C31-41F7ECFCA132}.Debug|Any CPU.ActiveCfg = Debug|Any CPU
		{833DFDAC-DA42-4669-9C31-41F7ECFCA132}.Debug|Any CPU.Build.0 = Debug|Any CPU
		{833DFDAC-DA42-4669-9C31-41F7ECFCA132}.Release|Any CPU.ActiveCfg = Release|Any CPU
		{833DFDAC-DA42-4669-9C31-41F7ECFCA132}.Release|Any CPU.Build.0 = Release|Any CPU
		{55D3664C-290C-4D92-858A-12B92D53D790}.Debug|Any CPU.ActiveCfg = Debug|Any CPU
		{55D3664C-290C-4D92-858A-12B92D53D790}.Debug|Any CPU.Build.0 = Debug|Any CPU
		{55D3664C-290C-4D92-858A-12B92D53D790}.Release|Any CPU.ActiveCfg = Release|Any CPU
		{55D3664C-290C-4D92-858A-12B92D53D790}.Release|Any CPU.Build.0 = Release|Any CPU
		{5CB33A0F-EA75-4160-9EE1-000EF4AD624F}.Debug|Any CPU.ActiveCfg = Debug|Any CPU
		{5CB33A0F-EA75-4160-9EE1-000EF4AD624F}.Debug|Any CPU.Build.0 = Debug|Any CPU
		{5CB33A0F-EA75-4160-9EE1-000EF4AD624F}.Release|Any CPU.ActiveCfg = Release|Any CPU
		{5CB33A0F-EA75-4160-9EE1-000EF4AD624F}.Release|Any CPU.Build.0 = Release|Any CPU
		{9CE41ACE-DDDE-4532-9421-C29E722A445F}.Debug|Any CPU.ActiveCfg = Debug|Any CPU
		{9CE41ACE-DDDE-4532-9421-C29E722A445F}.Debug|Any CPU.Build.0 = Debug|Any CPU
		{9CE41ACE-DDDE-4532-9421-C29E722A445F}.Release|Any CPU.ActiveCfg = Release|Any CPU
		{9CE41ACE-DDDE-4532-9421-C29E722A445F}.Release|Any CPU.Build.0 = Release|Any CPU
		{7CCCFD19-9580-4B98-9943-6AB83C02FB89}.Debug|Any CPU.ActiveCfg = Debug|Any CPU
		{7CCCFD19-9580-4B98-9943-6AB83C02FB89}.Debug|Any CPU.Build.0 = Debug|Any CPU
		{7CCCFD19-9580-4B98-9943-6AB83C02FB89}.Release|Any CPU.ActiveCfg = Release|Any CPU
		{7CCCFD19-9580-4B98-9943-6AB83C02FB89}.Release|Any CPU.Build.0 = Release|Any CPU
		{3989C894-BC7B-4499-8F27-052CF92C6E21}.Debug|Any CPU.ActiveCfg = Debug|Any CPU
		{3989C894-BC7B-4499-8F27-052CF92C6E21}.Debug|Any CPU.Build.0 = Debug|Any CPU
		{3989C894-BC7B-4499-8F27-052CF92C6E21}.Release|Any CPU.ActiveCfg = Release|Any CPU
		{3989C894-BC7B-4499-8F27-052CF92C6E21}.Release|Any CPU.Build.0 = Release|Any CPU
		{6C11DFE2-141F-466E-B34E-108D9A2CFE05}.Debug|Any CPU.ActiveCfg = Debug|Any CPU
		{6C11DFE2-141F-466E-B34E-108D9A2CFE05}.Debug|Any CPU.Build.0 = Debug|Any CPU
		{6C11DFE2-141F-466E-B34E-108D9A2CFE05}.Release|Any CPU.ActiveCfg = Release|Any CPU
		{6C11DFE2-141F-466E-B34E-108D9A2CFE05}.Release|Any CPU.Build.0 = Release|Any CPU
		{4871B8C2-5600-4DFC-A39A-94378258877D}.Debug|Any CPU.ActiveCfg = Debug|Any CPU
		{4871B8C2-5600-4DFC-A39A-94378258877D}.Debug|Any CPU.Build.0 = Debug|Any CPU
		{4871B8C2-5600-4DFC-A39A-94378258877D}.Release|Any CPU.ActiveCfg = Release|Any CPU
		{4871B8C2-5600-4DFC-A39A-94378258877D}.Release|Any CPU.Build.0 = Release|Any CPU
		{39724BDE-E801-4799-B2FA-E5A51E82AFB3}.Debug|Any CPU.ActiveCfg = Debug|Any CPU
		{39724BDE-E801-4799-B2FA-E5A51E82AFB3}.Debug|Any CPU.Build.0 = Debug|Any CPU
		{39724BDE-E801-4799-B2FA-E5A51E82AFB3}.Release|Any CPU.ActiveCfg = Release|Any CPU
		{39724BDE-E801-4799-B2FA-E5A51E82AFB3}.Release|Any CPU.Build.0 = Release|Any CPU
		{4C19C116-98CC-429B-AB2F-FB5BE9965431}.Debug|Any CPU.ActiveCfg = Debug|Any CPU
		{4C19C116-98CC-429B-AB2F-FB5BE9965431}.Debug|Any CPU.Build.0 = Debug|Any CPU
		{4C19C116-98CC-429B-AB2F-FB5BE9965431}.Release|Any CPU.ActiveCfg = Release|Any CPU
		{4C19C116-98CC-429B-AB2F-FB5BE9965431}.Release|Any CPU.Build.0 = Release|Any CPU
		{E474F502-0221-4342-9162-609E7AC37194}.Debug|Any CPU.ActiveCfg = Debug|Any CPU
		{E474F502-0221-4342-9162-609E7AC37194}.Debug|Any CPU.Build.0 = Debug|Any CPU
		{E474F502-0221-4342-9162-609E7AC37194}.Release|Any CPU.ActiveCfg = Release|Any CPU
		{E474F502-0221-4342-9162-609E7AC37194}.Release|Any CPU.Build.0 = Release|Any CPU
	EndGlobalSection
	GlobalSection(SolutionProperties) = preSolution
		HideSolutionNode = FALSE
	EndGlobalSection
	GlobalSection(NestedProjects) = preSolution
		{27E1E098-2C1D-4F84-BDBC-821EB34C95D0} = {2020AC68-78E1-4D95-AF3C-2186B9362078}
		{E3A05C38-C468-4738-B224-86C7E5B0A0C8} = {2020AC68-78E1-4D95-AF3C-2186B9362078}
		{3C7CBEC6-3567-4EE9-8586-EFCF941B41C4} = {2020AC68-78E1-4D95-AF3C-2186B9362078}
		{518A0A7C-030B-4271-8AFE-375B9152DD3A} = {2020AC68-78E1-4D95-AF3C-2186B9362078}
		{833DFDAC-DA42-4669-9C31-41F7ECFCA132} = {81B6F43F-A483-468F-AFAC-CD4448259578}
		{55D3664C-290C-4D92-858A-12B92D53D790} = {81B6F43F-A483-468F-AFAC-CD4448259578}
		{B7FFBA44-E6D1-4AAE-ADAA-DE0A66B79FD9} = {2020AC68-78E1-4D95-AF3C-2186B9362078}
		{5CB33A0F-EA75-4160-9EE1-000EF4AD624F} = {B7FFBA44-E6D1-4AAE-ADAA-DE0A66B79FD9}
		{9CE41ACE-DDDE-4532-9421-C29E722A445F} = {B7FFBA44-E6D1-4AAE-ADAA-DE0A66B79FD9}
		{7CCCFD19-9580-4B98-9943-6AB83C02FB89} = {B7FFBA44-E6D1-4AAE-ADAA-DE0A66B79FD9}
		{3989C894-BC7B-4499-8F27-052CF92C6E21} = {2020AC68-78E1-4D95-AF3C-2186B9362078}
		{6C11DFE2-141F-466E-B34E-108D9A2CFE05} = {B7FFBA44-E6D1-4AAE-ADAA-DE0A66B79FD9}
		{4871B8C2-5600-4DFC-A39A-94378258877D} = {B7FFBA44-E6D1-4AAE-ADAA-DE0A66B79FD9}
		{39724BDE-E801-4799-B2FA-E5A51E82AFB3} = {B7FFBA44-E6D1-4AAE-ADAA-DE0A66B79FD9}
		{4C19C116-98CC-429B-AB2F-FB5BE9965431} = {B7FFBA44-E6D1-4AAE-ADAA-DE0A66B79FD9}
		{E474F502-0221-4342-9162-609E7AC37194} = {B7FFBA44-E6D1-4AAE-ADAA-DE0A66B79FD9}
	EndGlobalSection
	GlobalSection(ExtensibilityGlobals) = postSolution
		SolutionGuid = {31E2068C-A0F9-4B14-ADCD-51CA6651F721}
	EndGlobalSection
EndGlobal
